
Microsoft Visual Studio Solution File, Format Version 12.00
# Visual Studio Version 16
VisualStudioVersion = 16.0.31729.503
MinimumVisualStudioVersion = 10.0.40219.1
Project("{9A19103F-16F7-4668-BE54-9A1E7A4F7556}") = "Exercise31", "Exercise31\Exercise31.csproj", "{74FD6116-DC8F-4C11-AEC7-284C115E4E83}"
EndProject
Project("{9A19103F-16F7-4668-BE54-9A1E7A4F7556}") = "Exercise32", "Exercise32\Exercise32.csproj", "{409F07A0-030D-4789-B868-7EFE50DD3BF4}"
EndProject
Project("{9A19103F-16F7-4668-BE54-9A1E7A4F7556}") = "Exercise33", "Exercise33\Exercise33.csproj", "{ABD8E04A-6CFA-4F6A-A206-8C6F9D896BA0}"
EndProject
Project("{9A19103F-16F7-4668-BE54-9A1E7A4F7556}") = "Exercise34", "Exercise34\Exercise34.csproj", "{DA33AE3A-D827-42FE-9AA0-B4EDD200FAB7}"
EndProject
Project("{9A19103F-16F7-4668-BE54-9A1E7A4F7556}") = "Exercise49", "Exercise49\Exercise49.csproj", "{C2835986-813C-4DA3-AEB3-32322580E962}"
EndProject
Project("{9A19103F-16F7-4668-BE54-9A1E7A4F7556}") = "Exercise50", "Exercise50\Exercise50.csproj", "{224EE7EC-0F93-40DE-BD03-05608C7CA8AC}"
EndProject
Project("{9A19103F-16F7-4668-BE54-9A1E7A4F7556}") = "Exercise47", "Exercise47\Exercise47.csproj", "{9C3C42CA-DB73-44DD-9619-CF42D1C8BEEE}"
EndProject
Project("{9A19103F-16F7-4668-BE54-9A1E7A4F7556}") = "Exercise48", "Exercise48\Exercise48.csproj", "{888C47E8-D32E-4058-BC2D-38E7DD974A16}"
EndProject
Project("{9A19103F-16F7-4668-BE54-9A1E7A4F7556}") = "Exercise35", "Exercise35\Exercise35.csproj", "{81FD7ECB-72BC-4105-9557-C73FEAF58539}"
EndProject
Project("{9A19103F-16F7-4668-BE54-9A1E7A4F7556}") = "Exercise36", "Exercise36\Exercise36.csproj", "{2FA9A6FF-4FED-4628-B0D7-41EA76C2587B}"
EndProject
Project("{9A19103F-16F7-4668-BE54-9A1E7A4F7556}") = "Exercise37", "Exercise37\Exercise37.csproj", "{19EAA380-839A-4592-A6BF-A1BA2B74E223}"
EndProject
Project("{9A19103F-16F7-4668-BE54-9A1E7A4F7556}") = "Exercise38", "Exercise38\Exercise38.csproj", "{903EAAE9-A9B5-482C-8B03-F28E022CADDC}"
EndProject
Project("{9A19103F-16F7-4668-BE54-9A1E7A4F7556}") = "Exercise39", "Exercise39\Exercise39.csproj", "{21B9C562-B6A5-47F9-8A51-3B2737867444}"
EndProject
Project("{9A19103F-16F7-4668-BE54-9A1E7A4F7556}") = "Exercise40", "Exercise40\Exercise40.csproj", "{F478EFA2-686F-4AD7-90CC-82C6F673A925}"
EndProject
Project("{9A19103F-16F7-4668-BE54-9A1E7A4F7556}") = "Exercise41", "Exercise41\Exercise41.csproj", "{3A54C434-9E6F-45E0-A8CD-07933717E61D}"
EndProject
Project("{9A19103F-16F7-4668-BE54-9A1E7A4F7556}") = "Exercise42", "Exercise42\Exercise42.csproj", "{D074441B-5B46-4CE3-A32B-33C327F942E1}"
EndProject
Project("{9A19103F-16F7-4668-BE54-9A1E7A4F7556}") = "Exercise43", "Exercise43\Exercise43.csproj", "{4A2FABA0-48B2-497E-B510-7373F248590A}"
EndProject
Project("{9A19103F-16F7-4668-BE54-9A1E7A4F7556}") = "Exercise44", "Exercise44\Exercise44.csproj", "{C1586F2B-7648-4100-A817-2A6ED0D11234}"
EndProject
Project("{FAE04EC0-301F-11D3-BF4B-00C04F79EFBC}") = "Exercise45", "Exercise45\Exercise45.csproj", "{9AC58ED4-72C0-4727-B769-87E693E9818B}"
EndProject
Project("{FAE04EC0-301F-11D3-BF4B-00C04F79EFBC}") = "Exercise46", "Exercise46\Exercise46.csproj", "{EDCF98CB-6D57-4B0C-A196-7F75E00F842F}"
EndProject
Project("{FAE04EC0-301F-11D3-BF4B-00C04F79EFBC}") = "Exercise51", "Exercise51\Exercise51.csproj", "{2B0B61F1-5EDB-4F9C-8CF4-3A5280A45405}"
EndProject
Global
	GlobalSection(SolutionConfigurationPlatforms) = preSolution
		Debug|Any CPU = Debug|Any CPU
		Release|Any CPU = Release|Any CPU
	EndGlobalSection
	GlobalSection(ProjectConfigurationPlatforms) = postSolution
		{74FD6116-DC8F-4C11-AEC7-284C115E4E83}.Debug|Any CPU.ActiveCfg = Debug|Any CPU
		{74FD6116-DC8F-4C11-AEC7-284C115E4E83}.Debug|Any CPU.Build.0 = Debug|Any CPU
		{74FD6116-DC8F-4C11-AEC7-284C115E4E83}.Release|Any CPU.ActiveCfg = Release|Any CPU
		{74FD6116-DC8F-4C11-AEC7-284C115E4E83}.Release|Any CPU.Build.0 = Release|Any CPU
		{409F07A0-030D-4789-B868-7EFE50DD3BF4}.Debug|Any CPU.ActiveCfg = Debug|Any CPU
		{409F07A0-030D-4789-B868-7EFE50DD3BF4}.Debug|Any CPU.Build.0 = Debug|Any CPU
		{409F07A0-030D-4789-B868-7EFE50DD3BF4}.Release|Any CPU.ActiveCfg = Release|Any CPU
		{409F07A0-030D-4789-B868-7EFE50DD3BF4}.Release|Any CPU.Build.0 = Release|Any CPU
		{ABD8E04A-6CFA-4F6A-A206-8C6F9D896BA0}.Debug|Any CPU.ActiveCfg = Debug|Any CPU
		{ABD8E04A-6CFA-4F6A-A206-8C6F9D896BA0}.Debug|Any CPU.Build.0 = Debug|Any CPU
		{ABD8E04A-6CFA-4F6A-A206-8C6F9D896BA0}.Release|Any CPU.ActiveCfg = Release|Any CPU
		{ABD8E04A-6CFA-4F6A-A206-8C6F9D896BA0}.Release|Any CPU.Build.0 = Release|Any CPU
		{DA33AE3A-D827-42FE-9AA0-B4EDD200FAB7}.Debug|Any CPU.ActiveCfg = Debug|Any CPU
		{DA33AE3A-D827-42FE-9AA0-B4EDD200FAB7}.Debug|Any CPU.Build.0 = Debug|Any CPU
		{DA33AE3A-D827-42FE-9AA0-B4EDD200FAB7}.Release|Any CPU.ActiveCfg = Release|Any CPU
		{DA33AE3A-D827-42FE-9AA0-B4EDD200FAB7}.Release|Any CPU.Build.0 = Release|Any CPU
		{C2835986-813C-4DA3-AEB3-32322580E962}.Debug|Any CPU.ActiveCfg = Debug|Any CPU
		{C2835986-813C-4DA3-AEB3-32322580E962}.Debug|Any CPU.Build.0 = Debug|Any CPU
		{C2835986-813C-4DA3-AEB3-32322580E962}.Release|Any CPU.ActiveCfg = Release|Any CPU
		{C2835986-813C-4DA3-AEB3-32322580E962}.Release|Any CPU.Build.0 = Release|Any CPU
		{224EE7EC-0F93-40DE-BD03-05608C7CA8AC}.Debug|Any CPU.ActiveCfg = Debug|Any CPU
		{224EE7EC-0F93-40DE-BD03-05608C7CA8AC}.Debug|Any CPU.Build.0 = Debug|Any CPU
		{224EE7EC-0F93-40DE-BD03-05608C7CA8AC}.Release|Any CPU.ActiveCfg = Release|Any CPU
		{224EE7EC-0F93-40DE-BD03-05608C7CA8AC}.Release|Any CPU.Build.0 = Release|Any CPU
		{9C3C42CA-DB73-44DD-9619-CF42D1C8BEEE}.Debug|Any CPU.ActiveCfg = Debug|Any CPU
		{9C3C42CA-DB73-44DD-9619-CF42D1C8BEEE}.Debug|Any CPU.Build.0 = Debug|Any CPU
		{9C3C42CA-DB73-44DD-9619-CF42D1C8BEEE}.Release|Any CPU.ActiveCfg = Release|Any CPU
		{9C3C42CA-DB73-44DD-9619-CF42D1C8BEEE}.Release|Any CPU.Build.0 = Release|Any CPU
		{888C47E8-D32E-4058-BC2D-38E7DD974A16}.Debug|Any CPU.ActiveCfg = Debug|Any CPU
		{888C47E8-D32E-4058-BC2D-38E7DD974A16}.Debug|Any CPU.Build.0 = Debug|Any CPU
		{888C47E8-D32E-4058-BC2D-38E7DD974A16}.Release|Any CPU.ActiveCfg = Release|Any CPU
		{888C47E8-D32E-4058-BC2D-38E7DD974A16}.Release|Any CPU.Build.0 = Release|Any CPU
		{81FD7ECB-72BC-4105-9557-C73FEAF58539}.Debug|Any CPU.ActiveCfg = Debug|Any CPU
		{81FD7ECB-72BC-4105-9557-C73FEAF58539}.Debug|Any CPU.Build.0 = Debug|Any CPU
		{81FD7ECB-72BC-4105-9557-C73FEAF58539}.Release|Any CPU.ActiveCfg = Release|Any CPU
		{81FD7ECB-72BC-4105-9557-C73FEAF58539}.Release|Any CPU.Build.0 = Release|Any CPU
		{2FA9A6FF-4FED-4628-B0D7-41EA76C2587B}.Debug|Any CPU.ActiveCfg = Debug|Any CPU
		{2FA9A6FF-4FED-4628-B0D7-41EA76C2587B}.Debug|Any CPU.Build.0 = Debug|Any CPU
		{2FA9A6FF-4FED-4628-B0D7-41EA76C2587B}.Release|Any CPU.ActiveCfg = Release|Any CPU
		{2FA9A6FF-4FED-4628-B0D7-41EA76C2587B}.Release|Any CPU.Build.0 = Release|Any CPU
		{19EAA380-839A-4592-A6BF-A1BA2B74E223}.Debug|Any CPU.ActiveCfg = Debug|Any CPU
		{19EAA380-839A-4592-A6BF-A1BA2B74E223}.Debug|Any CPU.Build.0 = Debug|Any CPU
		{19EAA380-839A-4592-A6BF-A1BA2B74E223}.Release|Any CPU.ActiveCfg = Release|Any CPU
		{19EAA380-839A-4592-A6BF-A1BA2B74E223}.Release|Any CPU.Build.0 = Release|Any CPU
		{903EAAE9-A9B5-482C-8B03-F28E022CADDC}.Debug|Any CPU.ActiveCfg = Debug|Any CPU
		{903EAAE9-A9B5-482C-8B03-F28E022CADDC}.Debug|Any CPU.Build.0 = Debug|Any CPU
		{903EAAE9-A9B5-482C-8B03-F28E022CADDC}.Release|Any CPU.ActiveCfg = Release|Any CPU
		{903EAAE9-A9B5-482C-8B03-F28E022CADDC}.Release|Any CPU.Build.0 = Release|Any CPU
		{21B9C562-B6A5-47F9-8A51-3B2737867444}.Debug|Any CPU.ActiveCfg = Debug|Any CPU
		{21B9C562-B6A5-47F9-8A51-3B2737867444}.Debug|Any CPU.Build.0 = Debug|Any CPU
		{21B9C562-B6A5-47F9-8A51-3B2737867444}.Release|Any CPU.ActiveCfg = Release|Any CPU
		{21B9C562-B6A5-47F9-8A51-3B2737867444}.Release|Any CPU.Build.0 = Release|Any CPU
		{F478EFA2-686F-4AD7-90CC-82C6F673A925}.Debug|Any CPU.ActiveCfg = Debug|Any CPU
		{F478EFA2-686F-4AD7-90CC-82C6F673A925}.Debug|Any CPU.Build.0 = Debug|Any CPU
		{F478EFA2-686F-4AD7-90CC-82C6F673A925}.Release|Any CPU.ActiveCfg = Release|Any CPU
		{F478EFA2-686F-4AD7-90CC-82C6F673A925}.Release|Any CPU.Build.0 = Release|Any CPU
		{3A54C434-9E6F-45E0-A8CD-07933717E61D}.Debug|Any CPU.ActiveCfg = Debug|Any CPU
		{3A54C434-9E6F-45E0-A8CD-07933717E61D}.Debug|Any CPU.Build.0 = Debug|Any CPU
		{3A54C434-9E6F-45E0-A8CD-07933717E61D}.Release|Any CPU.ActiveCfg = Release|Any CPU
		{3A54C434-9E6F-45E0-A8CD-07933717E61D}.Release|Any CPU.Build.0 = Release|Any CPU
		{D074441B-5B46-4CE3-A32B-33C327F942E1}.Debug|Any CPU.ActiveCfg = Debug|Any CPU
		{D074441B-5B46-4CE3-A32B-33C327F942E1}.Debug|Any CPU.Build.0 = Debug|Any CPU
		{D074441B-5B46-4CE3-A32B-33C327F942E1}.Release|Any CPU.ActiveCfg = Release|Any CPU
		{D074441B-5B46-4CE3-A32B-33C327F942E1}.Release|Any CPU.Build.0 = Release|Any CPU
		{4A2FABA0-48B2-497E-B510-7373F248590A}.Debug|Any CPU.ActiveCfg = Debug|Any CPU
		{4A2FABA0-48B2-497E-B510-7373F248590A}.Debug|Any CPU.Build.0 = Debug|Any CPU
		{4A2FABA0-48B2-497E-B510-7373F248590A}.Release|Any CPU.ActiveCfg = Release|Any CPU
		{4A2FABA0-48B2-497E-B510-7373F248590A}.Release|Any CPU.Build.0 = Release|Any CPU
		{C1586F2B-7648-4100-A817-2A6ED0D11234}.Debug|Any CPU.ActiveCfg = Debug|Any CPU
		{C1586F2B-7648-4100-A817-2A6ED0D11234}.Debug|Any CPU.Build.0 = Debug|Any CPU
		{C1586F2B-7648-4100-A817-2A6ED0D11234}.Release|Any CPU.ActiveCfg = Release|Any CPU
		{C1586F2B-7648-4100-A817-2A6ED0D11234}.Release|Any CPU.Build.0 = Release|Any CPU
		{9AC58ED4-72C0-4727-B769-87E693E9818B}.Debug|Any CPU.ActiveCfg = Debug|Any CPU
		{9AC58ED4-72C0-4727-B769-87E693E9818B}.Debug|Any CPU.Build.0 = Debug|Any CPU
		{9AC58ED4-72C0-4727-B769-87E693E9818B}.Release|Any CPU.ActiveCfg = Release|Any CPU
		{9AC58ED4-72C0-4727-B769-87E693E9818B}.Release|Any CPU.Build.0 = Release|Any CPU
		{EDCF98CB-6D57-4B0C-A196-7F75E00F842F}.Debug|Any CPU.ActiveCfg = Debug|Any CPU
		{EDCF98CB-6D57-4B0C-A196-7F75E00F842F}.Debug|Any CPU.Build.0 = Debug|Any CPU
		{EDCF98CB-6D57-4B0C-A196-7F75E00F842F}.Release|Any CPU.ActiveCfg = Release|Any CPU
		{EDCF98CB-6D57-4B0C-A196-7F75E00F842F}.Release|Any CPU.Build.0 = Release|Any CPU
		{2B0B61F1-5EDB-4F9C-8CF4-3A5280A45405}.Debug|Any CPU.ActiveCfg = Debug|Any CPU
		{2B0B61F1-5EDB-4F9C-8CF4-3A5280A45405}.Debug|Any CPU.Build.0 = Debug|Any CPU
		{2B0B61F1-5EDB-4F9C-8CF4-3A5280A45405}.Release|Any CPU.ActiveCfg = Release|Any CPU
		{2B0B61F1-5EDB-4F9C-8CF4-3A5280A45405}.Release|Any CPU.Build.0 = Release|Any CPU
	EndGlobalSection
	GlobalSection(SolutionProperties) = preSolution
		HideSolutionNode = FALSE
	EndGlobalSection
	GlobalSection(ExtensibilityGlobals) = postSolution
		SolutionGuid = {02A125D9-67E0-4AB0-B182-FB428B27EF90}
	EndGlobalSection
EndGlobal
